
Microsoft Visual Studio Solution File, Format Version 12.00
Project("{FAE04EC0-301F-11D3-BF4B-00C04F79EFBC}") = "HackerTerminal", "HackerTerminal\HackerTerminal.csproj", "{87B8B720-D47F-4D49-93BB-7558B0B33CE7}"
EndProject
Global
	GlobalSection(SolutionConfigurationPlatforms) = preSolution
		Debug|Any CPU = Debug|Any CPU
		Release|Any CPU = Release|Any CPU
	EndGlobalSection
	GlobalSection(ProjectConfigurationPlatforms) = postSolution
		{87B8B720-D47F-4D49-93BB-7558B0B33CE7}.Debug|Any CPU.ActiveCfg = Debug|Any CPU
		{87B8B720-D47F-4D49-93BB-7558B0B33CE7}.Debug|Any CPU.Build.0 = Debug|Any CPU
		{87B8B720-D47F-4D49-93BB-7558B0B33CE7}.Release|Any CPU.ActiveCfg = Release|Any CPU
		{87B8B720-D47F-4D49-93BB-7558B0B33CE7}.Release|Any CPU.Build.0 = Release|Any CPU
	EndGlobalSection
EndGlobal
